
Microsoft Visual Studio Solution File, Format Version 12.00
# Visual Studio 2012
Project("{FAE04EC0-301F-11D3-BF4B-00C04F79EFBC}") = "AnimalSanctuary", "AnimalSanctuary\AnimalSanctuary.csproj", "{C1982A0A-1E79-45CC-8108-AD60DA7A7277}"
EndProject
Project("{FAE04EC0-301F-11D3-BF4B-00C04F79EFBC}") = "AnimalSanctuary.Tests", "AnimalSanctuary.Tests\AnimalSanctuary.Tests.csproj", "{16562B57-DDB1-4B73-9598-7D066C4A4C9B}"
EndProject
Global
	GlobalSection(SolutionConfigurationPlatforms) = preSolution
		Debug|Any CPU = Debug|Any CPU
		Release|Any CPU = Release|Any CPU
	EndGlobalSection
	GlobalSection(ProjectConfigurationPlatforms) = postSolution
		{C1982A0A-1E79-45CC-8108-AD60DA7A7277}.Debug|Any CPU.ActiveCfg = Debug|Any CPU
		{C1982A0A-1E79-45CC-8108-AD60DA7A7277}.Debug|Any CPU.Build.0 = Debug|Any CPU
		{C1982A0A-1E79-45CC-8108-AD60DA7A7277}.Release|Any CPU.ActiveCfg = Release|Any CPU
		{C1982A0A-1E79-45CC-8108-AD60DA7A7277}.Release|Any CPU.Build.0 = Release|Any CPU
		{16562B57-DDB1-4B73-9598-7D066C4A4C9B}.Debug|Any CPU.ActiveCfg = Debug|Any CPU
		{16562B57-DDB1-4B73-9598-7D066C4A4C9B}.Debug|Any CPU.Build.0 = Debug|Any CPU
		{16562B57-DDB1-4B73-9598-7D066C4A4C9B}.Release|Any CPU.ActiveCfg = Release|Any CPU
		{16562B57-DDB1-4B73-9598-7D066C4A4C9B}.Release|Any CPU.Build.0 = Release|Any CPU
	EndGlobalSection
EndGlobal
